{
  "name": "AngularCrudWithSignalR",
  "lockfileVersion": 2,
  "requires": true,
  "packages": {
    "": {
      "dependencies": {
        "ng-intl-tel-input": "^2.0.0"
      }
    },
    "node_modules/ng-intl-tel-input": {
      "version": "2.0.0",
      "resolved": "https://registry.npmjs.org/ng-intl-tel-input/-/ng-intl-tel-input-2.0.0.tgz",
      "integrity": "sha512-kaARiZZbQSABLYWVaY15JyYU+1hNPVF04Y+vA2LPFjrfxAxU4DANmSg6en+eJ04NKvQb+XBCnOYRaMXwXbmtYQ=="
    }
  },
  "dependencies": {
    "ng-intl-tel-input": {
      "version": "2.0.0",
      "resolved": "https://registry.npmjs.org/ng-intl-tel-input/-/ng-intl-tel-input-2.0.0.tgz",
      "integrity": "sha512-kaARiZZbQSABLYWVaY15JyYU+1hNPVF04Y+vA2LPFjrfxAxU4DANmSg6en+eJ04NKvQb+XBCnOYRaMXwXbmtYQ=="
    }
  }
}
